{
  "name": "hn-poster-sw",
  "requires": true,
  "lockfileVersion": 1,
  "dependencies": {
    "now": {
      "version": "16.6.0",
      "resolved": "https://registry.npmjs.org/now/-/now-16.6.0.tgz",
      "integrity": "sha512-OHWgh7QOgXi7IDI68yJ7SBTcQZr8rFGdM4w2W5CdOyCoISletVhb1+KO4g4iBQGVFVNp1W6hv4qJGAOODmib5Q==",
      "dev": true
    }
  }
}
